hash: 5cbe299546a3a4d68be96d63b2ac2db727dea5baf23b902934fc3b40a9153b80
updated: 2016-10-28T16:16:49.924616327Z
imports:
- name: github.com/docker/distribution
  version: 431cfa3179d9b3766e39f6a74283db8bb5a13209
  subpackages:
  - digest
  - reference
- name: github.com/docker/docker
  version: b683958deeaae20463649085516d57df2fbdec53
  subpackages:
  - api/types
  - api/types/blkiodev
  - api/types/container
  - api/types/filters
  - api/types/mount
  - api/types/network
  - api/types/reference
  - api/types/registry
  - api/types/strslice
  - api/types/swarm
  - api/types/time
  - api/types/versions
  - client
  - pkg/tlsconfig
- name: github.com/docker/go-connections
  version: 988efe982fdecb46f01d53465878ff1f2ff411ce
  subpackages:
  - nat
  - sockets
  - tlsconfig
- name: github.com/docker/go-units
  version: f2145db703495b2e525c59662db69a7344b00bb8
- name: github.com/Microsoft/go-winio
  version: ce2922f643c8fd76b46cadc7f404a06282678b34
- name: github.com/opencontainers/runc
  version: 52454cf90807727923b375afd7d84ac8fd523959
  subpackages:
  - libcontainer/user
- name: github.com/pkg/errors
  version: a887431f7f6ef7687b556dbf718d9f351d4858a0
- name: github.com/Sirupsen/logrus
  version: 55eb11d21d2a31a3cc93838241d04800f52e823d
  subpackages:
  - formatters/logstash
- name: golang.org/x/net
  version: 4876518f9e71663000c348837735820161a42df7
  subpackages:
  - context
  - context/ctxhttp
  - proxy
- name: golang.org/x/sys
  version: 8f0908ab3b2457e2e15403d3697c9ef5cb4b57a9
  subpackages:
  - unix
  - windows
- name: gopkg.in/libgit2/git2go.v24
  version: 22091886372e73de5d66168e8665775676ec13c5
testImports: []
