hash: 290d75c8452e95d893bbddf11d7225788c2115ee57af59f2ea3693a95afb97bd
updated: 2016-11-01T02:38:30.770753085Z
imports:
- name: github.com/docker/distribution
  version: 93a48e361cbe06d1e77e9d17d02fa6db192a8ca5
  subpackages:
  - digest
  - reference
- name: github.com/docker/docker
  version: febf53d91a43fe13fbb802d9e6b7b6732183cf21
  subpackages:
  - api/types
  - api/types/blkiodev
  - api/types/container
  - api/types/events
  - api/types/filters
  - api/types/mount
  - api/types/network
  - api/types/reference
  - api/types/registry
  - api/types/strslice
  - api/types/swarm
  - api/types/time
  - api/types/versions
  - client
  - pkg/tlsconfig
- name: github.com/docker/go-connections
  version: f512407a188ecb16f31a33dbc9c4e4814afc1b03
  subpackages:
  - nat
  - sockets
  - tlsconfig
- name: github.com/docker/go-units
  version: 8a7beacffa3009a9ac66bad506b18ffdd110cf97
- name: github.com/docker/libnetwork
  version: afa9396ba8c69f499e473be450bdb30a391c1cc9
  subpackages:
  - iptables
  - portallocator
  - portmapper
- name: github.com/godbus/dbus
  version: 9998ce8520caaa4a287fa5122ecb5d1ca1aeaede
- name: github.com/Microsoft/go-winio
  version: ce2922f643c8fd76b46cadc7f404a06282678b34
- name: github.com/opencontainers/runc
  version: bc462c96bf7b15b68ab40e86335cefcb692707c1
  subpackages:
  - libcontainer/user
- name: github.com/pkg/errors
  version: 248dadf4e9068a0b3e79f02ed0a610d935de5302
- name: github.com/Sirupsen/logrus
  version: 55eb11d21d2a31a3cc93838241d04800f52e823d
- name: golang.org/x/net
  version: 4876518f9e71663000c348837735820161a42df7
  subpackages:
  - context
  - context/ctxhttp
  - proxy
- name: golang.org/x/sys
  version: c200b10b5d5e122be351b67af224adc6128af5bf
  subpackages:
  - unix
  - windows
- name: gopkg.in/libgit2/git2go.v24
  version: 22091886372e73de5d66168e8665775676ec13c5
testImports: []
